Microsoft Visual Studio Solution File, Format Version 11.00
# Visual Studio 2008

Project("{F93E0903-426A-DF85-E43C-45CE7C640272}") = "rollerGame", "Assembly-CSharp-firstpass.csproj", "{CD75BA9F-AB0F-B642-46FF-FAFF4E002033}"
EndProject
Project("{F93E0903-426A-DF85-E43C-45CE7C640272}") = "rollerGame", "Assembly-CSharp.csproj", "{D6564D6E-22F1-A9FE-F2CF-6CAE693F361B}"
EndProject
Project("{F93E0903-426A-DF85-E43C-45CE7C640272}") = "rollerGame", "Assembly-CSharp-Editor.csproj", "{19AD6BD2-4120-8391-FF67-CC25678D7FBE}"
EndProject
Global
	GlobalSection(SolutionConfigurationPlatforms) = preSolution
		Debug|Any CPU = Debug|Any CPU
		Release|Any CPU = Release|Any CPU
	EndGlobalSection
	GlobalSection(ProjectConfigurationPlatforms) = postSolution
		{CD75BA9F-AB0F-B642-46FF-FAFF4E002033}.Debug|Any CPU.ActiveCfg = Debug|Any CPU
		{CD75BA9F-AB0F-B642-46FF-FAFF4E002033}.Debug|Any CPU.Build.0 = Debug|Any CPU
		{CD75BA9F-AB0F-B642-46FF-FAFF4E002033}.Release|Any CPU.ActiveCfg = Release|Any CPU
		{CD75BA9F-AB0F-B642-46FF-FAFF4E002033}.Release|Any CPU.Build.0 = Release|Any CPU
		{D6564D6E-22F1-A9FE-F2CF-6CAE693F361B}.Debug|Any CPU.ActiveCfg = Debug|Any CPU
		{D6564D6E-22F1-A9FE-F2CF-6CAE693F361B}.Debug|Any CPU.Build.0 = Debug|Any CPU
		{D6564D6E-22F1-A9FE-F2CF-6CAE693F361B}.Release|Any CPU.ActiveCfg = Release|Any CPU
		{D6564D6E-22F1-A9FE-F2CF-6CAE693F361B}.Release|Any CPU.Build.0 = Release|Any CPU
		{19AD6BD2-4120-8391-FF67-CC25678D7FBE}.Debug|Any CPU.ActiveCfg = Debug|Any CPU
		{19AD6BD2-4120-8391-FF67-CC25678D7FBE}.Debug|Any CPU.Build.0 = Debug|Any CPU
		{19AD6BD2-4120-8391-FF67-CC25678D7FBE}.Release|Any CPU.ActiveCfg = Release|Any CPU
		{19AD6BD2-4120-8391-FF67-CC25678D7FBE}.Release|Any CPU.Build.0 = Release|Any CPU
	EndGlobalSection
	GlobalSection(SolutionProperties) = preSolution
		HideSolutionNode = FALSE
	EndGlobalSection
																																																																																																																	GlobalSection(MonoDevelopProperties) = preSolution
		StartupItem = Assembly-CSharp.csproj
		Policies = $0
		$0.TextStylePolicy = $1
		$1.inheritsSet = null
		$1.scope = text/x-csharp
		$0.CSharpFormattingPolicy = $2
		$2.inheritsSet = Mono
		$2.inheritsScope = text/x-csharp
		$2.scope = text/x-csharp
		$0.TextStylePolicy = $3
		$3.FileWidth = 120
		$3.TabWidth = 4
		$3.IndentWidth = 4
		$3.EolMarker = Unix
		$3.inheritsSet = Mono
		$3.inheritsScope = text/plain
		$3.scope = text/plain
	EndGlobalSection

EndGlobal
